
Microsoft Visual Studio Solution File, Format Version 12.00
# Visual Studio 15
VisualStudioVersion = 15.0.26124.0
MinimumVisualStudioVersion = 15.0.26124.0
Project("{2150E333-8FDC-42A3-9474-1A3956D46DE8}") = "src", "src", "{13DD3DA3-9B0D-4AE7-B4C1-B028053119F7}"
EndProject
Project("{FAE04EC0-301F-11D3-BF4B-00C04F79EFBC}") = "PAG.FileStore", "src\PAG.FileStore\PAG.FileStore.csproj", "{00D50CCA-CCB2-4EA4-AAAC-5CE8F955E225}"
EndProject
Project("{FAE04EC0-301F-11D3-BF4B-00C04F79EFBC}") = "PAG.FileStore.Runner", "src\PAG.FileStore.Runner\PAG.FileStore.Runner.csproj", "{D37D1FF7-64B5-4598-926A-C4A375CC8117}"
EndProject
Project("{2150E333-8FDC-42A3-9474-1A3956D46DE8}") = "test", "test", "{6454B5A8-D78C-4051-B42B-CF0981A6C990}"
EndProject
Project("{FAE04EC0-301F-11D3-BF4B-00C04F79EFBC}") = "PAG.FileStore.Tests", "test\PAG.FileStore.Tests\PAG.FileStore.Tests.csproj", "{44547E29-5A02-4A6F-B942-1FBA38BB4C4E}"
EndProject
Global
	GlobalSection(SolutionConfigurationPlatforms) = preSolution
		Debug|Any CPU = Debug|Any CPU
		Debug|x64 = Debug|x64
		Debug|x86 = Debug|x86
		Release|Any CPU = Release|Any CPU
		Release|x64 = Release|x64
		Release|x86 = Release|x86
	EndGlobalSection
	GlobalSection(SolutionProperties) = preSolution
		HideSolutionNode = FALSE
	EndGlobalSection
	GlobalSection(ProjectConfigurationPlatforms) = postSolution
		{00D50CCA-CCB2-4EA4-AAAC-5CE8F955E225}.Debug|Any CPU.ActiveCfg = Debug|Any CPU
		{00D50CCA-CCB2-4EA4-AAAC-5CE8F955E225}.Debug|Any CPU.Build.0 = Debug|Any CPU
		{00D50CCA-CCB2-4EA4-AAAC-5CE8F955E225}.Debug|x64.ActiveCfg = Debug|Any CPU
		{00D50CCA-CCB2-4EA4-AAAC-5CE8F955E225}.Debug|x64.Build.0 = Debug|Any CPU
		{00D50CCA-CCB2-4EA4-AAAC-5CE8F955E225}.Debug|x86.ActiveCfg = Debug|Any CPU
		{00D50CCA-CCB2-4EA4-AAAC-5CE8F955E225}.Debug|x86.Build.0 = Debug|Any CPU
		{00D50CCA-CCB2-4EA4-AAAC-5CE8F955E225}.Release|Any CPU.ActiveCfg = Release|Any CPU
		{00D50CCA-CCB2-4EA4-AAAC-5CE8F955E225}.Release|Any CPU.Build.0 = Release|Any CPU
		{00D50CCA-CCB2-4EA4-AAAC-5CE8F955E225}.Release|x64.ActiveCfg = Release|Any CPU
		{00D50CCA-CCB2-4EA4-AAAC-5CE8F955E225}.Release|x64.Build.0 = Release|Any CPU
		{00D50CCA-CCB2-4EA4-AAAC-5CE8F955E225}.Release|x86.ActiveCfg = Release|Any CPU
		{00D50CCA-CCB2-4EA4-AAAC-5CE8F955E225}.Release|x86.Build.0 = Release|Any CPU
		{D37D1FF7-64B5-4598-926A-C4A375CC8117}.Debug|Any CPU.ActiveCfg = Debug|Any CPU
		{D37D1FF7-64B5-4598-926A-C4A375CC8117}.Debug|Any CPU.Build.0 = Debug|Any CPU
		{D37D1FF7-64B5-4598-926A-C4A375CC8117}.Debug|x64.ActiveCfg = Debug|Any CPU
		{D37D1FF7-64B5-4598-926A-C4A375CC8117}.Debug|x64.Build.0 = Debug|Any CPU
		{D37D1FF7-64B5-4598-926A-C4A375CC8117}.Debug|x86.ActiveCfg = Debug|Any CPU
		{D37D1FF7-64B5-4598-926A-C4A375CC8117}.Debug|x86.Build.0 = Debug|Any CPU
		{D37D1FF7-64B5-4598-926A-C4A375CC8117}.Release|Any CPU.ActiveCfg = Release|Any CPU
		{D37D1FF7-64B5-4598-926A-C4A375CC8117}.Release|Any CPU.Build.0 = Release|Any CPU
		{D37D1FF7-64B5-4598-926A-C4A375CC8117}.Release|x64.ActiveCfg = Release|Any CPU
		{D37D1FF7-64B5-4598-926A-C4A375CC8117}.Release|x64.Build.0 = Release|Any CPU
		{D37D1FF7-64B5-4598-926A-C4A375CC8117}.Release|x86.ActiveCfg = Release|Any CPU
		{D37D1FF7-64B5-4598-926A-C4A375CC8117}.Release|x86.Build.0 = Release|Any CPU
		{44547E29-5A02-4A6F-B942-1FBA38BB4C4E}.Debug|Any CPU.ActiveCfg = Debug|Any CPU
		{44547E29-5A02-4A6F-B942-1FBA38BB4C4E}.Debug|Any CPU.Build.0 = Debug|Any CPU
		{44547E29-5A02-4A6F-B942-1FBA38BB4C4E}.Debug|x64.ActiveCfg = Debug|Any CPU
		{44547E29-5A02-4A6F-B942-1FBA38BB4C4E}.Debug|x64.Build.0 = Debug|Any CPU
		{44547E29-5A02-4A6F-B942-1FBA38BB4C4E}.Debug|x86.ActiveCfg = Debug|Any CPU
		{44547E29-5A02-4A6F-B942-1FBA38BB4C4E}.Debug|x86.Build.0 = Debug|Any CPU
		{44547E29-5A02-4A6F-B942-1FBA38BB4C4E}.Release|Any CPU.ActiveCfg = Release|Any CPU
		{44547E29-5A02-4A6F-B942-1FBA38BB4C4E}.Release|Any CPU.Build.0 = Release|Any CPU
		{44547E29-5A02-4A6F-B942-1FBA38BB4C4E}.Release|x64.ActiveCfg = Release|Any CPU
		{44547E29-5A02-4A6F-B942-1FBA38BB4C4E}.Release|x64.Build.0 = Release|Any CPU
		{44547E29-5A02-4A6F-B942-1FBA38BB4C4E}.Release|x86.ActiveCfg = Release|Any CPU
		{44547E29-5A02-4A6F-B942-1FBA38BB4C4E}.Release|x86.Build.0 = Release|Any CPU
	EndGlobalSection
	GlobalSection(NestedProjects) = preSolution
		{00D50CCA-CCB2-4EA4-AAAC-5CE8F955E225} = {13DD3DA3-9B0D-4AE7-B4C1-B028053119F7}
		{D37D1FF7-64B5-4598-926A-C4A375CC8117} = {13DD3DA3-9B0D-4AE7-B4C1-B028053119F7}
		{44547E29-5A02-4A6F-B942-1FBA38BB4C4E} = {6454B5A8-D78C-4051-B42B-CF0981A6C990}
	EndGlobalSection
EndGlobal
